{
  "name": "ajs-test",
  "version": "1.0.0",
  "lockfileVersion": 3,
  "requires": true,
  "packages": {
    "": {
      "name": "ajs-test",
      "version": "1.0.0",
      "license": "ISC",
      "dependencies": {
        "@victorshurko/ajs": "^1.0.0"
      }
    },
    "node_modules/@victorshurko/ajs": {
      "version": "1.0.0",
      "resolved": "https://npm.pkg.github.com/download/@victorshurko/ajs/1.0.0/7a99c959457af99c0231f5902fb8f312f9b04582",
      "integrity": "sha512-Pqb0nxQtspqdEPu+z6UBN07V+bPc4fVvP3ypsp8dUGxbNJ9o44QwZT31Q1V3/VFjGoNtSwSuiTk5UEJKT6SjXg==",
      "license": "ISC"
    }
  }
}
